
Microsoft Visual Studio Solution File, Format Version 12.00
# Visual Studio Version 16
VisualStudioVersion = 16.0.31515.178
MinimumVisualStudioVersion = 10.0.40219.1
Project("{9A19103F-16F7-4668-BE54-9A1E7A4F7556}") = "vusvc", "vusvc\vusvc.csproj", "{88E667EB-E759-47C3-9E53-607F1BE4BDCD}"
EndProject
Project("{9A19103F-16F7-4668-BE54-9A1E7A4F7556}") = "vusvc.tests", "vusvc.tests\vusvc.tests.csproj", "{94233DA5-5AE3-4D5D-A053-D0AD45C59D53}"
EndProject
Global
	GlobalSection(SolutionConfigurationPlatforms) = preSolution
		Debug|Any CPU = Debug|Any CPU
		Release|Any CPU = Release|Any CPU
	EndGlobalSection
	GlobalSection(ProjectConfigurationPlatforms) = postSolution
		{88E667EB-E759-47C3-9E53-607F1BE4BDCD}.Debug|Any CPU.ActiveCfg = Debug|Any CPU
		{88E667EB-E759-47C3-9E53-607F1BE4BDCD}.Debug|Any CPU.Build.0 = Debug|Any CPU
		{88E667EB-E759-47C3-9E53-607F1BE4BDCD}.Release|Any CPU.ActiveCfg = Release|Any CPU
		{88E667EB-E759-47C3-9E53-607F1BE4BDCD}.Release|Any CPU.Build.0 = Release|Any CPU
		{94233DA5-5AE3-4D5D-A053-D0AD45C59D53}.Debug|Any CPU.ActiveCfg = Debug|Any CPU
		{94233DA5-5AE3-4D5D-A053-D0AD45C59D53}.Debug|Any CPU.Build.0 = Debug|Any CPU
		{94233DA5-5AE3-4D5D-A053-D0AD45C59D53}.Release|Any CPU.ActiveCfg = Release|Any CPU
		{94233DA5-5AE3-4D5D-A053-D0AD45C59D53}.Release|Any CPU.Build.0 = Release|Any CPU
	EndGlobalSection
	GlobalSection(SolutionProperties) = preSolution
		HideSolutionNode = FALSE
	EndGlobalSection
	GlobalSection(ExtensibilityGlobals) = postSolution
		SolutionGuid = {CA2CFA9E-5641-41A8-AF66-28A32FB2147B}
	EndGlobalSection
EndGlobal
